Microsoft Visual Studio Solution File, Format Version 12.00
# Visual Studio 2012
Project("{FAE04EC0-301F-11D3-BF4B-00C04F79EFBC}") = "ShootEmUp", "ShootEmUp.csproj", "{C3B2DC17-EEFD-4BE5-B8FA-FE42FA1D3FDB}"
EndProject
Global
	GlobalSection(SolutionConfigurationPlatforms) = preSolution
	Debug|Any CPU = Debug|Any CPU
	ExportDebug|Any CPU = ExportDebug|Any CPU
	ExportRelease|Any CPU = ExportRelease|Any CPU
	EndGlobalSection
	GlobalSection(ProjectConfigurationPlatforms) = postSolution
		{C3B2DC17-EEFD-4BE5-B8FA-FE42FA1D3FDB}.Debug|Any CPU.ActiveCfg = Debug|Any CPU
		{C3B2DC17-EEFD-4BE5-B8FA-FE42FA1D3FDB}.Debug|Any CPU.Build.0 = Debug|Any CPU
		{C3B2DC17-EEFD-4BE5-B8FA-FE42FA1D3FDB}.ExportDebug|Any CPU.ActiveCfg = ExportDebug|Any CPU
		{C3B2DC17-EEFD-4BE5-B8FA-FE42FA1D3FDB}.ExportDebug|Any CPU.Build.0 = ExportDebug|Any CPU
		{C3B2DC17-EEFD-4BE5-B8FA-FE42FA1D3FDB}.ExportRelease|Any CPU.ActiveCfg = ExportRelease|Any CPU
		{C3B2DC17-EEFD-4BE5-B8FA-FE42FA1D3FDB}.ExportRelease|Any CPU.Build.0 = ExportRelease|Any CPU
	EndGlobalSection
EndGlobal
